// !$*UTF8*$!
{
	archiveVersion = 1;
	classes = {
	};
	objectVersion = 48;
	objects = {

/* Begin PBXBuildFile section */
		01EBDBEB1F86F8590086F53E /* AppDelegate.swift in Sources */ = {isa = PBXBuildFile; fileRef = 01EBDBEA1F86F8590086F53E /* AppDelegate.swift */; };
		01EBDBED1F86F8590086F53E /* ViewController.swift in Sources */ = {isa = PBXBuildFile; fileRef = 01EBDBEC1F86F8590086F53E /* ViewController.swift */; };
		01EBDBF01F86F85A0086F53E /* Main.storyboard in Resources */ = {isa = PBXBuildFile; fileRef = 01EBDBEE1F86F85A0086F53E /* Main.storyboard */; };
		01EBDBF21F86F85A0086F53E /* Assets.xcassets in Resources */ = {isa = PBXBuildFile; fileRef = 01EBDBF11F86F85A0086F53E /* Assets.xcassets */; };
		01EBDBF51F86F85A0086F53E /* LaunchScreen.storyboard in Resources */ = {isa = PBXBuildFile; fileRef = 01EBDBF31F86F85A0086F53E /* LaunchScreen.storyboard */; };
		01EBDC001F86F85A0086F53E /* Hello_iOSTests.swift in Sources */ = {isa = PBXBuildFile; fileRef = 01EBDBFF1F86F85A0086F53E /* Hello_iOSTests.swift */; };
		01EBDC0B1F86F85A0086F53E /* Hello_iOSUITests.swift in Sources */ = {isa = PBXBuildFile; fileRef = 01EBDC0A1F86F85A0086F53E /* Hello_iOSUITests.swift */; };
/* End PBXBuildFile section */

/* Begin PBXContainerItemProxy section */
		01EBDBFC1F86F85A0086F53E /* PBXContainerItemProxy */ = {
			isa = PBXContainerItemProxy;
			containerPortal = 01EBDBDF1F86F8590086F53E /* Project object */;
			proxyType = 1;
			remoteGlobalIDString = 01EBDBE61F86F8590086F53E;
			remoteInfo = "Hello-iOS";
		};
		01EBDC071F86F85A0086F53E /* PBXContainerItemProxy */ = {
			isa = PBXContainerItemProxy;
			containerPortal = 01EBDBDF1F86F8590086F53E /* Project object */;
			proxyType = 1;
			remoteGlobalIDString = 01EBDBE61F86F8590086F53E;
			remoteInfo = "Hello-iOS";
		};
/* End PBXContainerItemProxy section */

/* Begin PBXFileReference section */
		01EBDBE71F86F8590086F53E /* Hello-iOS.app */ = {isa = PBXFileReference; explicitFileType = wrapper.application; includeInIndex = 0; path = "Hello-iOS.app"; sourceTree = BUILT_PRODUCTS_DIR; };
		01EBDBEA1F86F8590086F53E /* AppDelegate.swift */ = {isa = PBXFileReference; lastKnownFileType = sourcecode.swift; path = AppDelegate.swift; sourceTree = "<group>"; };
		01EBDBEC1F86F8590086F53E /* ViewController.swift */ = {isa = PBXFileReference; lastKnownFileType = sourcecode.swift; path = ViewController.swift; sourceTree = "<group>"; };
		01EBDBEF1F86F85A0086F53E /* Base */ = {isa = PBXFileReference; lastKnownFileType = file.storyboard; name = Base; path = Base.lproj/Main.storyboard; sourceTree = "<group>"; };
		01EBDBF11F86F85A0086F53E /* Assets.xcassets */ = {isa = PBXFileReference; lastKnownFileType = folder.assetcatalog; path = Assets.xcassets; sourceTree = "<group>"; };
		01EBDBF41F86F85A0086F53E /* Base */ = {isa = PBXFileReference; lastKnownFileType = file.storyboard; name = Base; path = Base.lproj/LaunchScreen.storyboard; sourceTree = "<group>"; };
		01EBDBF61F86F85A0086F53E /* Info.plist */ = {isa = PBXFileReference; lastKnownFileType = text.plist.xml; path = Info.plist; sourceTree = "<group>"; };
		01EBDBFB1F86F85A0086F53E /* Hello-iOSTests.xctest */ = {isa = PBXFileReference; explicitFileType = wrapper.cfbundle; includeInIndex = 0; path = "Hello-iOSTests.xctest"; sourceTree = BUILT_PRODUCTS_DIR; };
		01EBDBFF1F86F85A0086F53E /* Hello_iOSTests.swift */ = {isa = PBXFileReference; lastKnownFileType = sourcecode.swift; path = Hello_iOSTests.swift; sourceTree = "<group>"; };
		01EBDC011F86F85A0086F53E /* Info.plist */ = {isa = PBXFileReference; lastKnownFileType = text.plist.xml; path = Info.plist; sourceTree = "<group>"; };
		01EBDC061F86F85A0086F53E /* Hello-iOSUITests.xctest */ = {isa = PBXFileReference; explicitFileType = wrapper.cfbundle; includeInIndex = 0; path = "Hello-iOSUITests.xctest"; sourceTree = BUILT_PRODUCTS_DIR; };
		01EBDC0A1F86F85A0086F53E /* Hello_iOSUITests.swift */ = {isa = PBXFileReference; lastKnownFileType = sourcecode.swift; path = Hello_iOSUITests.swift; sourceTree = "<group>"; };
		01EBDC0C1F86F85A0086F53E /* Info.plist */ = {isa = PBXFileReference; lastKnownFileType = text.plist.xml; path = Info.plist; sourceTree = "<group>"; };
/* End PBXFileReference section */

/* Begin PBXFrameworksBuildPhase section */
		01EBDBE41F86F8590086F53E /* Frameworks */ = {
			isa = PBXFrameworksBuildPhase;
			buildActionMask = 2147483647;
			files = (
			);
			runOnlyForDeploymentPostprocessing = 0;
		};
		01EBDBF81F86F85A0086F53E /* Frameworks */ = {
			isa = PBXFrameworksBuildPhase;
			buildActionMask = 2147483647;
			files = (
			);
			runOnlyForDeploymentPostprocessing = 0;
		};
		01EBDC031F86F85A0086F53E /* Frameworks */ = {
			isa = PBXFrameworksBuildPhase;
			buildActionMask = 2147483647;
			files = (
			);
			runOnlyForDeploymentPostprocessing = 0;
		};
/* End PBXFrameworksBuildPhase section */

/* Begin PBXGroup section */
		01EBDBDE1F86F8590086F53E = {
			isa = PBXGroup;
			children = (
				01EBDBE91F86F8590086F53E /* Hello-iOS */,
				01EBDBFE1F86F85A0086F53E /* Hello-iOSTests */,
				01EBDC091F86F85A0086F53E /* Hello-iOSUITests */,
				01EBDBE81F86F8590086F53E /* Products */,
			);
			sourceTree = "<group>";
		};
		01EBDBE81F86F8590086F53E /* Products */ = {
			isa = PBXGroup;
			children = (
				01EBDBE71F86F8590086F53E /* Hello-iOS.app */,
				01EBDBFB1F86F85A0086F53E /* Hello-iOSTests.xctest */,
				01EBDC061F86F85A0086F53E /* Hello-iOSUITests.xctest */,
			);
			name = Products;
			sourceTree = "<group>";
		};
		01EBDBE91F86F8590086F53E /* Hello-iOS */ = {
			isa = PBXGroup;
			children = (
				01EBDBEA1F86F8590086F53E /* AppDelegate.swift */,
				01EBDBEC1F86F8590086F53E /* ViewController.swift */,
				01EBDBEE1F86F85A0086F53E /* Main.storyboard */,
				01EBDBF11F86F85A0086F53E /* Assets.xcassets */,
				01EBDBF31F86F85A0086F53E /* LaunchScreen.storyboard */,
				01EBDBF61F86F85A0086F53E /* Info.plist */,
			);
			path = "Hello-iOS";
			sourceTree = "<group>";
		};
		01EBDBFE1F86F85A0086F53E /* Hello-iOSTests */ = {
			isa = PBXGroup;
			children = (
				01EBDBFF1F86F85A0086F53E /* Hello_iOSTests.swift */,
				01EBDC011F86F85A0086F53E /* Info.plist */,
			);
			path = "Hello-iOSTests";
			sourceTree = "<group>";
		};
		01EBDC091F86F85A0086F53E /* Hello-iOSUITests */ = {
			isa = PBXGroup;
			children = (
				01EBDC0A1F86F85A0086F53E /* Hello_iOSUITests.swift */,
				01EBDC0C1F86F85A0086F53E /* Info.plist */,
			);
			path = "Hello-iOSUITests";
			sourceTree = "<group>";
		};
/* End PBXGroup section */

/* Begin PBXNativeTarget section */
		01EBDBE61F86F8590086F53E /* Hello-iOS */ = {
			isa = PBXNativeTarget;
			buildConfigurationList = 01EBDC0F1F86F85A0086F53E /* Build configuration list for PBXNativeTarget "Hello-iOS" */;
			buildPhases = (
				01EBDBE31F86F8590086F53E /* Sources */,
				01EBDBE41F86F8590086F53E /* Frameworks */,
				01EBDBE51F86F8590086F53E /* Resources */,
			);
			buildRules = (
			);
			dependencies = (
			);
			name = "Hello-iOS";
			productName = "Hello-iOS";
			productReference = 01EBDBE71F86F8590086F53E /* Hello-iOS.app */;
			productType = "com.apple.product-type.application";
		};
		01EBDBFA1F86F85A0086F53E /* Hello-iOSTests */ = {
			isa = PBXNativeTarget;
			buildConfigurationList = 01EBDC121F86F85A0086F53E /* Build configuration list for PBXNativeTarget "Hello-iOSTests" */;
			buildPhases = (
				01EBDBF71F86F85A0086F53E /* Sources */,
				01EBDBF81F86F85A0086F53E /* Frameworks */,
				01EBDBF91F86F85A0086F53E /* Resources */,
			);
			buildRules = (
			);
			dependencies = (
				01EBDBFD1F86F85A0086F53E /* PBXTargetDependency */,
			);
			name = "Hello-iOSTests";
			productName = "Hello-iOSTests";
			productReference = 01EBDBFB1F86F85A0086F53E /* Hello-iOSTests.xctest */;
			productType = "com.apple.product-type.bundle.unit-test";
		};
		01EBDC051F86F85A0086F53E /* Hello-iOSUITests */ = {
			isa = PBXNativeTarget;
			buildConfigurationList = 01EBDC151F86F85A0086F53E /* Build configuration list for PBXNativeTarget "Hello-iOSUITests" */;
			buildPhases = (
				01EBDC021F86F85A0086F53E /* Sources */,
				01EBDC031F86F85A0086F53E /* Frameworks */,
				01EBDC041F86F85A0086F53E /* Resources */,
			);
			buildRules = (
			);
			dependencies = (
				01EBDC081F86F85A0086F53E /* PBXTargetDependency */,
			);
			name = "Hello-iOSUITests";
			productName = "Hello-iOSUITests";
			productReference = 01EBDC061F86F85A0086F53E /* Hello-iOSUITests.xctest */;
			productType = "com.apple.product-type.bundle.ui-testing";
		};
/* End PBXNativeTarget section */

/* Begin PBXProject section */
		01EBDBDF1F86F8590086F53E /* Project object */ = {
			isa = PBXProject;
			attributes = {
				LastSwiftUpdateCheck = 0900;
				LastUpgradeCheck = 0900;
				ORGANIZATIONNAME = gmhding;
				TargetAttributes = {
					01EBDBE61F86F8590086F53E = {
						CreatedOnToolsVersion = 9.0;
						ProvisioningStyle = Automatic;
					};
					01EBDBFA1F86F85A0086F53E = {
						CreatedOnToolsVersion = 9.0;
						ProvisioningStyle = Automatic;
						TestTargetID = 01EBDBE61F86F8590086F53E;
					};
					01EBDC051F86F85A0086F53E = {
						CreatedOnToolsVersion = 9.0;
						ProvisioningStyle = Automatic;
						TestTargetID = 01EBDBE61F86F8590086F53E;
					};
				};
			};
			buildConfigurationList = 01EBDBE21F86F8590086F53E /* Build configuration list for PBXProject "Hello-iOS" */;
			compatibilityVersion = "Xcode 8.0";
			developmentRegion = en;
			hasScannedForEncodings = 0;
			knownRegions = (
				en,
				Base,
			);
			mainGroup = 01EBDBDE1F86F8590086F53E;
			productRefGroup = 01EBDBE81F86F8590086F53E /* Products */;
			projectDirPath = "";
			projectRoot = "";
			targets = (
				01EBDBE61F86F8590086F53E /* Hello-iOS */,
				01EBDBFA1F86F85A0086F53E /* Hello-iOSTests */,
				01EBDC051F86F85A0086F53E /* Hello-iOSUITests */,
			);
		};
/* End PBXProject section */

/* Begin PBXResourcesBuildPhase section */
		01EBDBE51F86F8590086F53E /* Resources */ = {
			isa = PBXResourcesBuildPhase;
			buildActionMask = 2147483647;
			files = (
				01EBDBF51F86F85A0086F53E /* LaunchScreen.storyboard in Resources */,
				01EBDBF21F86F85A0086F53E /* Assets.xcassets in Resources */,
				01EBDBF01F86F85A0086F53E /* Main.storyboard in Resources */,
			);
			runOnlyForDeploymentPostprocessing = 0;
		};
		01EBDBF91F86F85A0086F53E /* Resources */ = {
			isa = PBXResourcesBuildPhase;
			buildActionMask = 2147483647;
			files = (
			);
			runOnlyForDeploymentPostprocessing = 0;
		};
		01EBDC041F86F85A0086F53E /* Resources */ = {
			isa = PBXResourcesBuildPhase;
			buildActionMask = 2147483647;
			files = (
			);
			runOnlyForDeploymentPostprocessing = 0;
		};
/* End PBXResourcesBuildPhase section */

/* Begin PBXSourcesBuildPhase section */
		01EBDBE31F86F8590086F53E /* Sources */ = {
			isa = PBXSourcesBuildPhase;
			buildActionMask = 2147483647;
			files = (
				01EBDBED1F86F8590086F53E /* ViewController.swift in Sources */,
				01EBDBEB1F86F8590086F53E /* AppDelegate.swift in Sources */,
			);
			runOnlyForDeploymentPostprocessing = 0;
		};
		01EBDBF71F86F85A0086F53E /* Sources */ = {
			isa = PBXSourcesBuildPhase;
			buildActionMask = 2147483647;
			files = (
				01EBDC001F86F85A0086F53E /* Hello_iOSTests.swift in Sources */,
			);
			runOnlyForDeploymentPostprocessing = 0;
		};
		01EBDC021F86F85A0086F53E /* Sources */ = {
			isa = PBXSourcesBuildPhase;
			buildActionMask = 2147483647;
			files = (
				01EBDC0B1F86F85A0086F53E /* Hello_iOSUITests.swift in Sources */,
			);
			runOnlyForDeploymentPostprocessing = 0;
		};
/* End PBXSourcesBuildPhase section */

/* Begin PBXTargetDependency section */
		01EBDBFD1F86F85A0086F53E /* PBXTargetDependency */ = {
			isa = PBXTargetDependency;
			target = 01EBDBE61F86F8590086F53E /* Hello-iOS */;
			targetProxy = 01EBDBFC1F86F85A0086F53E /* PBXContainerItemProxy */;
		};
		01EBDC081F86F85A0086F53E /* PBXTargetDependency */ = {
			isa = PBXTargetDependency;
			target = 01EBDBE61F86F8590086F53E /* Hello-iOS */;
			targetProxy = 01EBDC071F86F85A0086F53E /* PBXContainerItemProxy */;
		};
/* End PBXTargetDependency section */

/* Begin PBXVariantGroup section */
		01EBDBEE1F86F85A0086F53E /* Main.storyboard */ = {
			isa = PBXVariantGroup;
			children = (
				01EBDBEF1F86F85A0086F53E /* Base */,
			);
			name = Main.storyboard;
			sourceTree = "<group>";
		};
		01EBDBF31F86F85A0086F53E /* LaunchScreen.storyboard */ = {
			isa = PBXVariantGroup;
			children = (
				01EBDBF41F86F85A0086F53E /* Base */,
			);
			name = LaunchScreen.storyboard;
			sourceTree = "<group>";
		};
/* End PBXVariantGroup section */

/* Begin XCBuildConfiguration section */
		01EBDC0D1F86F85A0086F53E /* Debug */ = {
			isa = XCBuildConfiguration;
			buildSettings = {
				ALWAYS_SEARCH_USER_PATHS = NO;
				CLANG_ANALYZER_NONNULL = YES;
				CLANG_ANALYZER_NUMBER_OBJECT_CONVERSION = YES_AGGRESSIVE;
				CLANG_CXX_LANGUAGE_STANDARD = "gnu++14";
				CLANG_CXX_LIBRARY = "libc++";
				CLANG_ENABLE_MODULES = YES;
				CLANG_ENABLE_OBJC_ARC = YES;
				CLANG_WARN_BLOCK_CAPTURE_AUTORELEASING = YES;
				CLANG_WARN_BOOL_CONVERSION = YES;
				CLANG_WARN_COMMA = YES;
				CLANG_WARN_CONSTANT_CONVERSION = YES;
				CLANG_WARN_DIRECT_OBJC_ISA_USAGE = YES_ERROR;
				CLANG_WARN_DOCUMENTATION_COMMENTS = YES;
				CLANG_WARN_EMPTY_BODY = YES;
				CLANG_WARN_ENUM_CONVERSION = YES;
				CLANG_WARN_INFINITE_RECURSION = YES;
				CLANG_WARN_INT_CONVERSION = YES;
				CLANG_WARN_NON_LITERAL_NULL_CONVERSION = YES;
				CLANG_WARN_OBJC_LITERAL_CONVERSION = YES;
				CLANG_WARN_OBJC_ROOT_CLASS = YES_ERROR;
				CLANG_WARN_RANGE_LOOP_ANALYSIS = YES;
				CLANG_WARN_STRICT_PROTOTYPES = YES;
				CLANG_WARN_SUSPICIOUS_MOVE = YES;
				CLANG_WARN_UNGUARDED_AVAILABILITY = YES_AGGRESSIVE;
				CLANG_WARN_UNREACHABLE_CODE = YES;
				CLANG_WARN__DUPLICATE_METHOD_MATCH = YES;
				CODE_SIGN_IDENTITY = "iPhone Developer";
				COPY_PHASE_STRIP = NO;
				DEBUG_INFORMATION_FORMAT = dwarf;
				ENABLE_STRICT_OBJC_MSGSEND = YES;
				ENABLE_TESTABILITY = YES;
				GCC_C_LANGUAGE_STANDARD = gnu11;
				GCC_DYNAMIC_NO_PIC = NO;
				GCC_NO_COMMON_BLOCKS = YES;
				GCC_OPTIMIZATION_LEVEL = 0;
				GCC_PREPROCESSOR_DEFINITIONS = (
					"DEBUG=1",
					"$(inherited)",
				);
				GCC_WARN_64_TO_32_BIT_CONVERSION = YES;
				GCC_WARN_ABOUT_RETURN_TYPE = YES_ERROR;
				GCC_WARN_UNDECLARED_SELECTOR = YES;
				GCC_WARN_UNINITIALIZED_AUTOS = YES_AGGRESSIVE;
				GCC_WARN_UNUSED_FUNCTION = YES;
				GCC_WARN_UNUSED_VARIABLE = YES;
				IPHONEOS_DEPLOYMENT_TARGET = 11.0;
				MTL_ENABLE_DEBUG_INFO = YES;
				ONLY_ACTIVE_ARCH = YES;
				SDKROOT = iphoneos;
				SWIFT_ACTIVE_COMPILATION_CONDITIONS = DEBUG;
				SWIFT_OPTIMIZATION_LEVEL = "-Onone";
			};
			name = Debug;
		};
		01EBDC0E1F86F85A0086F53E /* Release */ = {
			isa = XCBuildConfiguration;
			buildSettings = {
				ALWAYS_SEARCH_USER_PATHS = NO;
				CLANG_ANALYZER_NONNULL = YES;
				CLANG_ANALYZER_NUMBER_OBJECT_CONVERSION = YES_AGGRESSIVE;
				CLANG_CXX_LANGUAGE_STANDARD = "gnu++14";
				CLANG_CXX_LIBRARY = "libc++";
				CLANG_ENABLE_MODULES = YES;
				CLANG_ENABLE_OBJC_ARC = YES;
				CLANG_WARN_BLOCK_CAPTURE_AUTORELEASING = YES;
				CLANG_WARN_BOOL_CONVERSION = YES;
				CLANG_WARN_COMMA = YES;
				CLANG_WARN_CONSTANT_CONVERSION = YES;
				CLANG_WARN_DIRECT_OBJC_ISA_USAGE = YES_ERROR;
				CLANG_WARN_DOCUMENTATION_COMMENTS = YES;
				CLANG_WARN_EMPTY_BODY = YES;
				CLANG_WARN_ENUM_CONVERSION = YES;
				CLANG_WARN_INFINITE_RECURSION = YES;
				CLANG_WARN_INT_CONVERSION = YES;
				CLANG_WARN_NON_LITERAL_NULL_CONVERSION = YES;
				CLANG_WARN_OBJC_LITERAL_CONVERSION = YES;
				CLANG_WARN_OBJC_ROOT_CLASS = YES_ERROR;
				CLANG_WARN_RANGE_LOOP_ANALYSIS = YES;
				CLANG_WARN_STRICT_PROTOTYPES = YES;
				CLANG_WARN_SUSPICIOUS_MOVE = YES;
				CLANG_WARN_UNGUARDED_AVAILABILITY = YES_AGGRESSIVE;
				CLANG_WARN_UNREACHABLE_CODE = YES;
				CLANG_WARN__DUPLICATE_METHOD_MATCH = YES;
				CODE_SIGN_IDENTITY = "iPhone Developer";
				COPY_PHASE_STRIP = NO;
				DEBUG_INFORMATION_FORMAT = "dwarf-with-dsym";
				ENABLE_NS_ASSERTIONS = NO;
				ENABLE_STRICT_OBJC_MSGSEND = YES;
				GCC_C_LANGUAGE_STANDARD = gnu11;
				GCC_NO_COMMON_BLOCKS = YES;
				GCC_WARN_64_TO_32_BIT_CONVERSION = YES;
				GCC_WARN_ABOUT_RETURN_TYPE = YES_ERROR;
				GCC_WARN_UNDECLARED_SELECTOR = YES;
				GCC_WARN_UNINITIALIZED_AUTOS = YES_AGGRESSIVE;
				GCC_WARN_UNUSED_FUNCTION = YES;
				GCC_WARN_UNUSED_VARIABLE = YES;
				IPHONEOS_DEPLOYMENT_TARGET = 11.0;
				MTL_ENABLE_DEBUG_INFO = NO;
				SDKROOT = iphoneos;
				SWIFT_OPTIMIZATION_LEVEL = "-Owholemodule";
				VALIDATE_PRODUCT = YES;
			};
			name = Release;
		};
		01EBDC101F86F85A0086F53E /* Debug */ = {
			isa = XCBuildConfiguration;
			buildSettings = {
				ASSETCATALOG_COMPILER_APPICON_NAME = AppIcon;
				CODE_SIGN_STYLE = Automatic;
				DEVELOPMENT_TEAM = WN5C73M7AR;
				INFOPLIST_FILE = "Hello-iOS/Info.plist";
				IPHONEOS_DEPLOYMENT_TARGET = 10.3;
				LD_RUNPATH_SEARCH_PATHS = "$(inherited) @executable_path/Frameworks";
				PRODUCT_BUNDLE_IDENTIFIER = "uw.edu.Hello-iOS";
				PRODUCT_NAME = "$(TARGET_NAME)";
				SWIFT_VERSION = 4.0;
				TARGETED_DEVICE_FAMILY = "1,2";
			};
			name = Debug;
		};
		01EBDC111F86F85A0086F53E /* Release */ = {
			isa = XCBuildConfiguration;
			buildSettings = {
				ASSETCATALOG_COMPILER_APPICON_NAME = AppIcon;
				CODE_SIGN_STYLE = Automatic;
				DEVELOPMENT_TEAM = WN5C73M7AR;
				INFOPLIST_FILE = "Hello-iOS/Info.plist";
				IPHONEOS_DEPLOYMENT_TARGET = 10.3;
				LD_RUNPATH_SEARCH_PATHS = "$(inherited) @executable_path/Frameworks";
				PRODUCT_BUNDLE_IDENTIFIER = "uw.edu.Hello-iOS";
				PRODUCT_NAME = "$(TARGET_NAME)";
				SWIFT_VERSION = 4.0;
				TARGETED_DEVICE_FAMILY = "1,2";
			};
			name = Release;
		};
		01EBDC131F86F85A0086F53E /* Debug */ = {
			isa = XCBuildConfiguration;
			buildSettings = {
				ALWAYS_EMBED_SWIFT_STANDARD_LIBRARIES = YES;
				BUNDLE_LOADER = "$(TEST_HOST)";
				CODE_SIGN_STYLE = Automatic;
				DEVELOPMENT_TEAM = WN5C73M7AR;
				INFOPLIST_FILE = "Hello-iOSTests/Info.plist";
				LD_RUNPATH_SEARCH_PATHS = "$(inherited) @executable_path/Frameworks @loader_path/Frameworks";
				PRODUCT_BUNDLE_IDENTIFIER = "uw.edu.Hello-iOSTests";
				PRODUCT_NAME = "$(TARGET_NAME)";
				SWIFT_VERSION = 4.0;
				TARGETED_DEVICE_FAMILY = "1,2";
				TEST_HOST = "$(BUILT_PRODUCTS_DIR)/Hello-iOS.app/Hello-iOS";
			};
			name = Debug;
		};
		01EBDC141F86F85A0086F53E /* Release */ = {
			isa = XCBuildConfiguration;
			buildSettings = {
				ALWAYS_EMBED_SWIFT_STANDARD_LIBRARIES = YES;
				BUNDLE_LOADER = "$(TEST_HOST)";
				CODE_SIGN_STYLE = Automatic;
				DEVELOPMENT_TEAM = WN5C73M7AR;
				INFOPLIST_FILE = "Hello-iOSTests/Info.plist";
				LD_RUNPATH_SEARCH_PATHS = "$(inherited) @executable_path/Frameworks @loader_path/Frameworks";
				PRODUCT_BUNDLE_IDENTIFIER = "uw.edu.Hello-iOSTests";
				PRODUCT_NAME = "$(TARGET_NAME)";
				SWIFT_VERSION = 4.0;
				TARGETED_DEVICE_FAMILY = "1,2";
				TEST_HOST = "$(BUILT_PRODUCTS_DIR)/Hello-iOS.app/Hello-iOS";
			};
			name = Release;
		};
		01EBDC161F86F85A0086F53E /* Debug */ = {
			isa = XCBuildConfiguration;
			buildSettings = {
				ALWAYS_EMBED_SWIFT_STANDARD_LIBRARIES = YES;
				CODE_SIGN_STYLE = Automatic;
				DEVELOPMENT_TEAM = WN5C73M7AR;
				INFOPLIST_FILE = "Hello-iOSUITests/Info.plist";
				LD_RUNPATH_SEARCH_PATHS = "$(inherited) @executable_path/Frameworks @loader_path/Frameworks";
				PRODUCT_BUNDLE_IDENTIFIER = "uw.edu.Hello-iOSUITests";
				PRODUCT_NAME = "$(TARGET_NAME)";
				SWIFT_VERSION = 4.0;
				TARGETED_DEVICE_FAMILY = "1,2";
				TEST_TARGET_NAME = "Hello-iOS";
			};
			name = Debug;
		};
		01EBDC171F86F85A0086F53E /* Release */ = {
			isa = XCBuildConfiguration;
			buildSettings = {
				ALWAYS_EMBED_SWIFT_STANDARD_LIBRARIES = YES;
				CODE_SIGN_STYLE = Automatic;
				DEVELOPMENT_TEAM = WN5C73M7AR;
				INFOPLIST_FILE = "Hello-iOSUITests/Info.plist";
				LD_RUNPATH_SEARCH_PATHS = "$(inherited) @executable_path/Frameworks @loader_path/Frameworks";
				PRODUCT_BUNDLE_IDENTIFIER = "uw.edu.Hello-iOSUITests";
				PRODUCT_NAME = "$(TARGET_NAME)";
				SWIFT_VERSION = 4.0;
				TARGETED_DEVICE_FAMILY = "1,2";
				TEST_TARGET_NAME = "Hello-iOS";
			};
			name = Release;
		};
/* End XCBuildConfiguration section */

/* Begin XCConfigurationList section */
		01EBDBE21F86F8590086F53E /* Build configuration list for PBXProject "Hello-iOS" */ = {
			isa = XCConfigurationList;
			buildConfigurations = (
				01EBDC0D1F86F85A0086F53E /* Debug */,
				01EBDC0E1F86F85A0086F53E /* Release */,
			);
			defaultConfigurationIsVisible = 0;
			defaultConfigurationName = Release;
		};
		01EBDC0F1F86F85A0086F53E /* Build configuration list for PBXNativeTarget "Hello-iOS" */ = {
			isa = XCConfigurationList;
			buildConfigurations = (
				01EBDC101F86F85A0086F53E /* Debug */,
				01EBDC111F86F85A0086F53E /* Release */,
			);
			defaultConfigurationIsVisible = 0;
			defaultConfigurationName = Release;
		};
		01EBDC121F86F85A0086F53E /* Build configuration list for PBXNativeTarget "Hello-iOSTests" */ = {
			isa = XCConfigurationList;
			buildConfigurations = (
				01EBDC131F86F85A0086F53E /* Debug */,
				01EBDC141F86F85A0086F53E /* Release */,
			);
			defaultConfigurationIsVisible = 0;
			defaultConfigurationName = Release;
		};
		01EBDC151F86F85A0086F53E /* Build configuration list for PBXNativeTarget "Hello-iOSUITests" */ = {
			isa = XCConfigurationList;
			buildConfigurations = (
				01EBDC161F86F85A0086F53E /* Debug */,
				01EBDC171F86F85A0086F53E /* Release */,
			);
			defaultConfigurationIsVisible = 0;
			defaultConfigurationName = Release;
		};
/* End XCConfigurationList section */
	};
	rootObject = 01EBDBDF1F86F8590086F53E /* Project object */;
}
